
Microsoft Visual Studio Solution File, Format Version 12.00
# Visual Studio 15
VisualStudioVersion = 15.0.27130.2024
MinimumVisualStudioVersion = 10.0.40219.1
Project("{FAE04EC0-301F-11D3-BF4B-00C04F79EFBC}") = "GazPromImport.Core", "GazPromImport.Core\GazPromImport.Core.csproj", "{D2807D00-451F-4AA6-8E10-93930105C22F}"
EndProject
Project("{FAE04EC0-301F-11D3-BF4B-00C04F79EFBC}") = "GazPromImport.Cmd", "GazPromImport.Cmd\GazPromImport.Cmd.csproj", "{1F90AA36-F3D6-426C-8D8A-37D77F9AB06B}"
EndProject
Global
	GlobalSection(SolutionConfigurationPlatforms) = preSolution
		Debug|Any CPU = Debug|Any CPU
		Release|Any CPU = Release|Any CPU
	EndGlobalSection
	GlobalSection(ProjectConfigurationPlatforms) = postSolution
		{D2807D00-451F-4AA6-8E10-93930105C22F}.Debug|Any CPU.ActiveCfg = Debug|Any CPU
		{D2807D00-451F-4AA6-8E10-93930105C22F}.Debug|Any CPU.Build.0 = Debug|Any CPU
		{D2807D00-451F-4AA6-8E10-93930105C22F}.Release|Any CPU.ActiveCfg = Release|Any CPU
		{D2807D00-451F-4AA6-8E10-93930105C22F}.Release|Any CPU.Build.0 = Release|Any CPU
		{1F90AA36-F3D6-426C-8D8A-37D77F9AB06B}.Debug|Any CPU.ActiveCfg = Debug|Any CPU
		{1F90AA36-F3D6-426C-8D8A-37D77F9AB06B}.Debug|Any CPU.Build.0 = Debug|Any CPU
		{1F90AA36-F3D6-426C-8D8A-37D77F9AB06B}.Release|Any CPU.ActiveCfg = Release|Any CPU
		{1F90AA36-F3D6-426C-8D8A-37D77F9AB06B}.Release|Any CPU.Build.0 = Release|Any CPU
	EndGlobalSection
	GlobalSection(SolutionProperties) = preSolution
		HideSolutionNode = FALSE
	EndGlobalSection
	GlobalSection(ExtensibilityGlobals) = postSolution
		SolutionGuid = {B6DF0605-1CFA-43C2-B835-4599D19C1A88}
	EndGlobalSection
EndGlobal
